
Microsoft Visual Studio Solution File, Format Version 12.00
# Visual Studio Version 17
VisualStudioVersion = 17.13.35806.99 d17.13
MinimumVisualStudioVersion = 10.0.40219.1
Project("{FAE04EC0-301F-11D3-BF4B-00C04F79EFBC}") = "Worker", "Worker\Worker.csproj", "{E3831E64-2676-4BBA-9B55-39C54A5F0E17}"
EndProject
Global
	GlobalSection(SolutionConfigurationPlatforms) = preSolution
		Debug|Any CPU = Debug|Any CPU
		Release|Any CPU = Release|Any CPU
	EndGlobalSection
	GlobalSection(ProjectConfigurationPlatforms) = postSolution
		{E3831E64-2676-4BBA-9B55-39C54A5F0E17}.Debug|Any CPU.ActiveCfg = Debug|Any CPU
		{E3831E64-2676-4BBA-9B55-39C54A5F0E17}.Debug|Any CPU.Build.0 = Debug|Any CPU
		{E3831E64-2676-4BBA-9B55-39C54A5F0E17}.Release|Any CPU.ActiveCfg = Release|Any CPU
		{E3831E64-2676-4BBA-9B55-39C54A5F0E17}.Release|Any CPU.Build.0 = Release|Any CPU
	EndGlobalSection
	GlobalSection(SolutionProperties) = preSolution
		HideSolutionNode = FALSE
	EndGlobalSection
	GlobalSection(ExtensibilityGlobals) = postSolution
		SolutionGuid = {58BAA1D9-8881-4A3C-9635-184BFEF818CF}
	EndGlobalSection
EndGlobal
